<?xml version="1.0" encoding="UTF-8"?>
<Scheme
   LastUpgradeVersion = "1010"
   version = "1.3">
   <BuildAction
      parallelizeBuildables = "YES"
      buildImplicitDependencies = "YES">
      <BuildActionEntries>
         <BuildActionEntry
            buildForTesting = "YES"
            buildForRunning = "YES"
            buildForProfiling = "YES"
            buildForArchiving = "YES"
            buildForAnalyzing = "YES">
            <BuildableReference
               BuildableIdentifier = "primary"
               BlueprintIdentifier = "FCEABC3E6B064F72D8E9C71B"
               BuildableName = "AppCraft.app"
               BlueprintName = "AppCraft"
               ReferencedContainer = "container:Projects/MainApp/MainApp.xcodeproj">
            </BuildableReference>
         </BuildActionEntry>
         <BuildActionEntry
            buildForTesting = "YES"
            buildForRunning = "YES"
            buildForProfiling = "YES"
            buildForArchiving = "YES"
            buildForAnalyzing = "YES">
            <BuildableReference
               BuildableIdentifier = "primary"
               BlueprintIdentifier = "8F0A8205B7DAF9048EBB3A55"
               BuildableName = "AppCraftCoreUI.framework"
               BlueprintName = "AppCraftCoreUI"
               ReferencedContainer = "container:Projects/Core/Core.xcodeproj">
            </BuildableReference>
         </BuildActionEntry>
         <BuildActionEntry
            buildForTesting = "YES"
            buildForRunning = "YES"
            buildForProfiling = "YES"
            buildForArchiving = "YES"
            buildForAnalyzing = "YES">
            <BuildableReference
               BuildableIdentifier = "primary"
               BlueprintIdentifier = "D6CB21B82835BEBF5BC0B419"
               BuildableName = "BoardRepository.framework"
               BlueprintName = "BoardRepository"
               ReferencedContainer = "container:Projects/BoardApp/BoardApp.xcodeproj">
            </BuildableReference>
         </BuildActionEntry>
         <BuildActionEntry
            buildForTesting = "YES"
            buildForRunning = "YES"
            buildForProfiling = "YES"
            buildForArchiving = "YES"
            buildForAnalyzing = "YES">
            <BuildableReference
               BuildableIdentifier = "primary"
               BlueprintIdentifier = "A36E4801788C8E0E1C9DB629"
               BuildableName = "CompRepository.framework"
               BlueprintName = "CompRepository"
               ReferencedContainer = "container:Projects/CompApp/CompApp.xcodeproj">
            </BuildableReference>
         </BuildActionEntry>
         <BuildActionEntry
            buildForTesting = "YES"
            buildForRunning = "YES"
            buildForProfiling = "YES"
            buildForArchiving = "YES"
            buildForAnalyzing = "YES">
            <BuildableReference
               BuildableIdentifier = "primary"
               BlueprintIdentifier = "47B99EABCA6440821A59EFB2"
               BuildableName = "CoreAuth.framework"
               BlueprintName = "CoreAuth"
               ReferencedContainer = "container:Projects/Core/Core.xcodeproj">
            </BuildableReference>
         </BuildActionEntry>
         <BuildActionEntry
            buildForTesting = "YES"
            buildForRunning = "YES"
            buildForProfiling = "YES"
            buildForArchiving = "YES"
            buildForAnalyzing = "YES">
            <BuildableReference
               BuildableIdentifier = "primary"
               BlueprintIdentifier = "0FB8CF7EF4725E281FF0F0C9"
               BuildableName = "CoreDatabase.framework"
               BlueprintName = "CoreDatabase"
               ReferencedContainer = "container:Projects/Core/Core.xcodeproj">
            </BuildableReference>
         </BuildActionEntry>
         <BuildActionEntry
            buildForTesting = "YES"
            buildForRunning = "YES"
            buildForProfiling = "YES"
            buildForArchiving = "YES"
            buildForAnalyzing = "YES">
            <BuildableReference
               BuildableIdentifier = "primary"
               BlueprintIdentifier = "8DFFDA7195A8840337E31753"
               BuildableName = "DomainAuth.framework"
               BlueprintName = "DomainAuth"
               ReferencedContainer = "container:Projects/AuthApp/AuthApp.xcodeproj">
            </BuildableReference>
         </BuildActionEntry>
         <BuildActionEntry
            buildForTesting = "YES"
            buildForRunning = "YES"
            buildForProfiling = "YES"
            buildForArchiving = "YES"
            buildForAnalyzing = "YES">
            <BuildableReference
               BuildableIdentifier = "primary"
               BlueprintIdentifier = "F1C825BA5A5E8AA8717D0321"
               BuildableName = "DomainAuthInterface.framework"
               BlueprintName = "DomainAuthInterface"
               ReferencedContainer = "container:Projects/AuthApp/AuthApp.xcodeproj">
            </BuildableReference>
         </BuildActionEntry>
         <BuildActionEntry
            buildForTesting = "YES"
            buildForRunning = "YES"
            buildForProfiling = "YES"
            buildForArchiving = "YES"
            buildForAnalyzing = "YES">
            <BuildableReference
               BuildableIdentifier = "primary"
               BlueprintIdentifier = "FA8065CE746E5F37B3D95103"
               BuildableName = "DomainBoard.framework"
               BlueprintName = "DomainBoard"
               ReferencedContainer = "container:Projects/BoardApp/BoardApp.xcodeproj">
            </BuildableReference>
         </BuildActionEntry>
         <BuildActionEntry
            buildForTesting = "YES"
            buildForRunning = "YES"
            buildForProfiling = "YES"
            buildForArchiving = "YES"
            buildForAnalyzing = "YES">
            <BuildableReference
               BuildableIdentifier = "primary"
               BlueprintIdentifier = "F5985C4CC3E997FB16F12C27"
               BuildableName = "DomainBoardInterface.framework"
               BlueprintName = "DomainBoardInterface"
               ReferencedContainer = "container:Projects/BoardApp/BoardApp.xcodeproj">
            </BuildableReference>
         </BuildActionEntry>
         <BuildActionEntry
            buildForTesting = "YES"
            buildForRunning = "YES"
            buildForProfiling = "YES"
            buildForArchiving = "YES"
            buildForAnalyzing = "YES">
            <BuildableReference
               BuildableIdentifier = "primary"
               BlueprintIdentifier = "9DE42AC48184672465F530C3"
               BuildableName = "DomainComp.framework"
               BlueprintName = "DomainComp"
               ReferencedContainer = "container:Projects/CompApp/CompApp.xcodeproj">
            </BuildableReference>
         </BuildActionEntry>
         <BuildActionEntry
            buildForTesting = "YES"
            buildForRunning = "YES"
            buildForProfiling = "YES"
            buildForArchiving = "YES"
            buildForAnalyzing = "YES">
            <BuildableReference
               BuildableIdentifier = "primary"
               BlueprintIdentifier = "9B00196503513D2941D820A2"
               BuildableName = "DomainCompInterface.framework"
               BlueprintName = "DomainCompInterface"
               ReferencedContainer = "container:Projects/CompApp/CompApp.xcodeproj">
            </BuildableReference>
         </BuildActionEntry>
         <BuildActionEntry
            buildForTesting = "YES"
            buildForRunning = "YES"
            buildForProfiling = "YES"
            buildForArchiving = "YES"
            buildForAnalyzing = "YES">
            <BuildableReference
               BuildableIdentifier = "primary"
               BlueprintIdentifier = "A76A4F8564C5F80FA2BDBE75"
               BuildableName = "FeatureAuth.framework"
               BlueprintName = "FeatureAuth"
               ReferencedContainer = "container:Projects/AuthApp/AuthApp.xcodeproj">
            </BuildableReference>
         </BuildActionEntry>
         <BuildActionEntry
            buildForTesting = "YES"
            buildForRunning = "YES"
            buildForProfiling = "YES"
            buildForArchiving = "YES"
            buildForAnalyzing = "YES">
            <BuildableReference
               BuildableIdentifier = "primary"
               BlueprintIdentifier = "41403864F94C8C0005AC6A84"
               BuildableName = "FeatureAuthExample.app"
               BlueprintName = "FeatureAuthExample"
               ReferencedContainer = "container:Projects/AuthApp/AuthApp.xcodeproj">
            </BuildableReference>
         </BuildActionEntry>
         <BuildActionEntry
            buildForTesting = "YES"
            buildForRunning = "YES"
            buildForProfiling = "YES"
            buildForArchiving = "YES"
            buildForAnalyzing = "YES">
            <BuildableReference
               BuildableIdentifier = "primary"
               BlueprintIdentifier = "8C663CF11DA3742F8727008A"
               BuildableName = "FeatureBoard.framework"
               BlueprintName = "FeatureBoard"
               ReferencedContainer = "container:Projects/BoardApp/BoardApp.xcodeproj">
            </BuildableReference>
         </BuildActionEntry>
         <BuildActionEntry
            buildForTesting = "YES"
            buildForRunning = "YES"
            buildForProfiling = "YES"
            buildForArchiving = "YES"
            buildForAnalyzing = "YES">
            <BuildableReference
               BuildableIdentifier = "primary"
               BlueprintIdentifier = "65E4AD9DD39D7CA952CFDBE6"
               BuildableName = "FeatureBoardExample.app"
               BlueprintName = "FeatureBoardExample"
               ReferencedContainer = "container:Projects/BoardApp/BoardApp.xcodeproj">
            </BuildableReference>
         </BuildActionEntry>
         <BuildActionEntry
            buildForTesting = "YES"
            buildForRunning = "YES"
            buildForProfiling = "YES"
            buildForArchiving = "YES"
            buildForAnalyzing = "YES">
            <BuildableReference
               BuildableIdentifier = "primary"
               BlueprintIdentifier = "2E2E92FE4A27086BD7FCABBB"
               BuildableName = "FeatureComp.framework"
               BlueprintName = "FeatureComp"
               ReferencedContainer = "container:Projects/CompApp/CompApp.xcodeproj">
            </BuildableReference>
         </BuildActionEntry>
         <BuildActionEntry
            buildForTesting = "YES"
            buildForRunning = "YES"
            buildForProfiling = "YES"
            buildForArchiving = "YES"
            buildForAnalyzing = "YES">
            <BuildableReference
               BuildableIdentifier = "primary"
               BlueprintIdentifier = "8508514EFA7439EDD61A10C2"
               BuildableName = "FeatureCompExample.app"
               BlueprintName = "FeatureCompExample"
               ReferencedContainer = "container:Projects/CompApp/CompApp.xcodeproj">
            </BuildableReference>
         </BuildActionEntry>
         <BuildActionEntry
            buildForTesting = "YES"
            buildForRunning = "YES"
            buildForProfiling = "YES"
            buildForArchiving = "YES"
            buildForAnalyzing = "YES">
            <BuildableReference
               BuildableIdentifier = "primary"
               BlueprintIdentifier = "006DD1789BA53D9BED021B8B"
               BuildableName = "MockDomainAuth.framework"
               BlueprintName = "MockDomainAuth"
               ReferencedContainer = "container:Projects/AuthApp/AuthApp.xcodeproj">
            </BuildableReference>
         </BuildActionEntry>
         <BuildActionEntry
            buildForTesting = "YES"
            buildForRunning = "YES"
            buildForProfiling = "YES"
            buildForArchiving = "YES"
            buildForAnalyzing = "YES">
            <BuildableReference
               BuildableIdentifier = "primary"
               BlueprintIdentifier = "13D33C1B45B7D01DE6A4E0AB"
               BuildableName = "MockDomainBoard.framework"
               BlueprintName = "MockDomainBoard"
               ReferencedContainer = "container:Projects/BoardApp/BoardApp.xcodeproj">
            </BuildableReference>
         </BuildActionEntry>
         <BuildActionEntry
            buildForTesting = "YES"
            buildForRunning = "YES"
            buildForProfiling = "YES"
            buildForArchiving = "YES"
            buildForAnalyzing = "YES">
            <BuildableReference
               BuildableIdentifier = "primary"
               BlueprintIdentifier = "CEF714B5985335BAE9A5771D"
               BuildableName = "MockDomainComp.framework"
               BlueprintName = "MockDomainComp"
               ReferencedContainer = "container:Projects/CompApp/CompApp.xcodeproj">
            </BuildableReference>
         </BuildActionEntry>
         <BuildActionEntry
            buildForTesting = "YES"
            buildForRunning = "YES"
            buildForProfiling = "YES"
            buildForArchiving = "YES"
            buildForAnalyzing = "YES">
            <BuildableReference
               BuildableIdentifier = "primary"
               BlueprintIdentifier = "4F895DF34C49B1B17BC1C6CC"
               BuildableName = "Shared.framework"
               BlueprintName = "Shared"
               ReferencedContainer = "container:Projects/Core/Core.xcodeproj">
            </BuildableReference>
         </BuildActionEntry>
         <BuildActionEntry
            buildForTesting = "YES"
            buildForRunning = "YES"
            buildForProfiling = "YES"
            buildForArchiving = "YES"
            buildForAnalyzing = "YES">
            <BuildableReference
               BuildableIdentifier = "primary"
               BlueprintIdentifier = "5F57854A68CFAE6B151C3F61"
               BuildableName = "UserRepository.framework"
               BlueprintName = "UserRepository"
               ReferencedContainer = "container:Projects/AuthApp/AuthApp.xcodeproj">
            </BuildableReference>
         </BuildActionEntry>
      </BuildActionEntries>
   </BuildAction>
   <TestAction
      buildConfiguration = "Debug"
      selectedDebuggerIdentifier = "Xcode.DebuggerFoundation.Debugger.LLDB"
      selectedLauncherIdentifier = "Xcode.DebuggerFoundation.Launcher.LLDB"
      shouldUseLaunchSchemeArgsEnv = "YES">
      <Testables>
      </Testables>
   </TestAction>
   <LaunchAction
      buildConfiguration = "Debug"
      selectedDebuggerIdentifier = "Xcode.DebuggerFoundation.Debugger.LLDB"
      selectedLauncherIdentifier = "Xcode.DebuggerFoundation.Launcher.LLDB"
      launchStyle = "0"
      useCustomWorkingDirectory = "NO"
      ignoresPersistentStateOnLaunch = "NO"
      debugDocumentVersioning = "YES"
      debugServiceExtension = "internal"
      allowLocationSimulation = "YES">
      <BuildableProductRunnable
         runnableDebuggingMode = "0">
         <BuildableReference
            BuildableIdentifier = "primary"
            BlueprintIdentifier = "FCEABC3E6B064F72D8E9C71B"
            BuildableName = "AppCraft.app"
            BlueprintName = "AppCraft"
            ReferencedContainer = "container:Projects/MainApp/MainApp.xcodeproj">
         </BuildableReference>
      </BuildableProductRunnable>
   </LaunchAction>
   <ProfileAction
      buildConfiguration = "Release"
      shouldUseLaunchSchemeArgsEnv = "YES"
      savedToolIdentifier = ""
      useCustomWorkingDirectory = "NO"
      debugDocumentVersioning = "YES">
      <BuildableProductRunnable
         runnableDebuggingMode = "0">
         <BuildableReference
            BuildableIdentifier = "primary"
            BlueprintIdentifier = "FCEABC3E6B064F72D8E9C71B"
            BuildableName = "AppCraft.app"
            BlueprintName = "AppCraft"
            ReferencedContainer = "container:Projects/MainApp/MainApp.xcodeproj">
         </BuildableReference>
      </BuildableProductRunnable>
   </ProfileAction>
   <AnalyzeAction
      buildConfiguration = "Debug">
   </AnalyzeAction>
   <ArchiveAction
      buildConfiguration = "Release"
      revealArchiveInOrganizer = "YES">
   </ArchiveAction>
</Scheme>
